
Microsoft Visual Studio Solution File, Format Version 12.00
# Visual Studio Version 17
VisualStudioVersion = 17.4.33213.308
MinimumVisualStudioVersion = 10.0.40219.1
Project("{FAE04EC0-301F-11D3-BF4B-00C04F79EFBC}") = "1_OOPDesc", "1_OOPDesc\1_OOPDesc.csproj", "{2E8F5B56-A1A2-403C-A6DE-0E2C250FFA9F}"
EndProject
Project("{FAE04EC0-301F-11D3-BF4B-00C04F79EFBC}") = "2_OOPCar", "2_OOPCar\2_OOPCar.csproj", "{200BC4D0-7423-4FFB-871A-20741D01D453}"
EndProject
Project("{FAE04EC0-301F-11D3-BF4B-00C04F79EFBC}") = "3_OOPPerson", "3_OOPPerson\3_OOPPerson.csproj", "{7E4CA6C0-5F4D-4C83-8CF8-BFAEB87DCF28}"
EndProject
Project("{FAE04EC0-301F-11D3-BF4B-00C04F79EFBC}") = "4_OOPQuestion", "4_OOPQuestion\4_OOPQuestion.csproj", "{85526C6C-28CD-4710-B245-5A53EE6D9710}"
EndProject
Project("{FAE04EC0-301F-11D3-BF4B-00C04F79EFBC}") = "5_OOPInheritanceOr", "5_OOPInheritanceOr\5_OOPInheritanceOr.csproj", "{2CD9D2B2-746A-4E4C-98C3-9C3A7B530F86}"
EndProject
Project("{FAE04EC0-301F-11D3-BF4B-00C04F79EFBC}") = "6_OOPAbstaction", "6_OOPAbstaction\6_OOPAbstaction.csproj", "{64144FF6-EE46-45AF-9117-C2EACDBC2C02}"
EndProject
Project("{FAE04EC0-301F-11D3-BF4B-00C04F79EFBC}") = "7_OOPInterface", "7_OOPInterface\7_OOPInterface.csproj", "{B9E2184E-9AC2-4E32-825B-3011D233278E}"
EndProject
Project("{FAE04EC0-301F-11D3-BF4B-00C04F79EFBC}") = "8_OOPCourse", "8_OOPCourse\8_OOPCourse.csproj", "{C67975B1-1DDD-4CB9-A54F-565450302017}"
EndProject
Project("{FAE04EC0-301F-11D3-BF4B-00C04F79EFBC}") = "9_OOPOrder", "9_OOPOrder\9_OOPOrder.csproj", "{B0636C8E-299B-433B-AD36-57E6E1C50553}"
EndProject
Project("{FAE04EC0-301F-11D3-BF4B-00C04F79EFBC}") = "10_OOPEft", "10_OOPEft\10_OOPEft.csproj", "{56E157BF-B453-4375-BEE3-B7D8B14ED65F}"
EndProject
Project("{FAE04EC0-301F-11D3-BF4B-00C04F79EFBC}") = "11_OOPHospital", "11_OOPHospital\11_OOPHospital.csproj", "{DD6D71E4-63E8-440A-87B5-023B3FDA628C}"
EndProject
Global
	GlobalSection(SolutionConfigurationPlatforms) = preSolution
		Debug|Any CPU = Debug|Any CPU
		Release|Any CPU = Release|Any CPU
	EndGlobalSection
	GlobalSection(ProjectConfigurationPlatforms) = postSolution
		{2E8F5B56-A1A2-403C-A6DE-0E2C250FFA9F}.Debug|Any CPU.ActiveCfg = Debug|Any CPU
		{2E8F5B56-A1A2-403C-A6DE-0E2C250FFA9F}.Debug|Any CPU.Build.0 = Debug|Any CPU
		{2E8F5B56-A1A2-403C-A6DE-0E2C250FFA9F}.Release|Any CPU.ActiveCfg = Release|Any CPU
		{2E8F5B56-A1A2-403C-A6DE-0E2C250FFA9F}.Release|Any CPU.Build.0 = Release|Any CPU
		{200BC4D0-7423-4FFB-871A-20741D01D453}.Debug|Any CPU.ActiveCfg = Debug|Any CPU
		{200BC4D0-7423-4FFB-871A-20741D01D453}.Debug|Any CPU.Build.0 = Debug|Any CPU
		{200BC4D0-7423-4FFB-871A-20741D01D453}.Release|Any CPU.ActiveCfg = Release|Any CPU
		{200BC4D0-7423-4FFB-871A-20741D01D453}.Release|Any CPU.Build.0 = Release|Any CPU
		{7E4CA6C0-5F4D-4C83-8CF8-BFAEB87DCF28}.Debug|Any CPU.ActiveCfg = Debug|Any CPU
		{7E4CA6C0-5F4D-4C83-8CF8-BFAEB87DCF28}.Debug|Any CPU.Build.0 = Debug|Any CPU
		{7E4CA6C0-5F4D-4C83-8CF8-BFAEB87DCF28}.Release|Any CPU.ActiveCfg = Release|Any CPU
		{7E4CA6C0-5F4D-4C83-8CF8-BFAEB87DCF28}.Release|Any CPU.Build.0 = Release|Any CPU
		{85526C6C-28CD-4710-B245-5A53EE6D9710}.Debug|Any CPU.ActiveCfg = Debug|Any CPU
		{85526C6C-28CD-4710-B245-5A53EE6D9710}.Debug|Any CPU.Build.0 = Debug|Any CPU
		{85526C6C-28CD-4710-B245-5A53EE6D9710}.Release|Any CPU.ActiveCfg = Release|Any CPU
		{85526C6C-28CD-4710-B245-5A53EE6D9710}.Release|Any CPU.Build.0 = Release|Any CPU
		{2CD9D2B2-746A-4E4C-98C3-9C3A7B530F86}.Debug|Any CPU.ActiveCfg = Debug|Any CPU
		{2CD9D2B2-746A-4E4C-98C3-9C3A7B530F86}.Debug|Any CPU.Build.0 = Debug|Any CPU
		{2CD9D2B2-746A-4E4C-98C3-9C3A7B530F86}.Release|Any CPU.ActiveCfg = Release|Any CPU
		{2CD9D2B2-746A-4E4C-98C3-9C3A7B530F86}.Release|Any CPU.Build.0 = Release|Any CPU
		{64144FF6-EE46-45AF-9117-C2EACDBC2C02}.Debug|Any CPU.ActiveCfg = Debug|Any CPU
		{64144FF6-EE46-45AF-9117-C2EACDBC2C02}.Debug|Any CPU.Build.0 = Debug|Any CPU
		{64144FF6-EE46-45AF-9117-C2EACDBC2C02}.Release|Any CPU.ActiveCfg = Release|Any CPU
		{64144FF6-EE46-45AF-9117-C2EACDBC2C02}.Release|Any CPU.Build.0 = Release|Any CPU
		{B9E2184E-9AC2-4E32-825B-3011D233278E}.Debug|Any CPU.ActiveCfg = Debug|Any CPU
		{B9E2184E-9AC2-4E32-825B-3011D233278E}.Debug|Any CPU.Build.0 = Debug|Any CPU
		{B9E2184E-9AC2-4E32-825B-3011D233278E}.Release|Any CPU.ActiveCfg = Release|Any CPU
		{B9E2184E-9AC2-4E32-825B-3011D233278E}.Release|Any CPU.Build.0 = Release|Any CPU
		{C67975B1-1DDD-4CB9-A54F-565450302017}.Debug|Any CPU.ActiveCfg = Debug|Any CPU
		{C67975B1-1DDD-4CB9-A54F-565450302017}.Debug|Any CPU.Build.0 = Debug|Any CPU
		{C67975B1-1DDD-4CB9-A54F-565450302017}.Release|Any CPU.ActiveCfg = Release|Any CPU
		{C67975B1-1DDD-4CB9-A54F-565450302017}.Release|Any CPU.Build.0 = Release|Any CPU
		{B0636C8E-299B-433B-AD36-57E6E1C50553}.Debug|Any CPU.ActiveCfg = Debug|Any CPU
		{B0636C8E-299B-433B-AD36-57E6E1C50553}.Debug|Any CPU.Build.0 = Debug|Any CPU
		{B0636C8E-299B-433B-AD36-57E6E1C50553}.Release|Any CPU.ActiveCfg = Release|Any CPU
		{B0636C8E-299B-433B-AD36-57E6E1C50553}.Release|Any CPU.Build.0 = Release|Any CPU
		{56E157BF-B453-4375-BEE3-B7D8B14ED65F}.Debug|Any CPU.ActiveCfg = Debug|Any CPU
		{56E157BF-B453-4375-BEE3-B7D8B14ED65F}.Debug|Any CPU.Build.0 = Debug|Any CPU
		{56E157BF-B453-4375-BEE3-B7D8B14ED65F}.Release|Any CPU.ActiveCfg = Release|Any CPU
		{56E157BF-B453-4375-BEE3-B7D8B14ED65F}.Release|Any CPU.Build.0 = Release|Any CPU
		{DD6D71E4-63E8-440A-87B5-023B3FDA628C}.Debug|Any CPU.ActiveCfg = Debug|Any CPU
		{DD6D71E4-63E8-440A-87B5-023B3FDA628C}.Debug|Any CPU.Build.0 = Debug|Any CPU
		{DD6D71E4-63E8-440A-87B5-023B3FDA628C}.Release|Any CPU.ActiveCfg = Release|Any CPU
		{DD6D71E4-63E8-440A-87B5-023B3FDA628C}.Release|Any CPU.Build.0 = Release|Any CPU
	EndGlobalSection
	GlobalSection(SolutionProperties) = preSolution
		HideSolutionNode = FALSE
	EndGlobalSection
	GlobalSection(ExtensibilityGlobals) = postSolution
		SolutionGuid = {E97CC142-5C61-447A-A295-F1EA2C9DAEBE}
	EndGlobalSection
EndGlobal
